
Microsoft Visual Studio Solution File, Format Version 12.00
# Visual Studio Version 16
VisualStudioVersion = 16.0.30114.105
MinimumVisualStudioVersion = 10.0.40219.1
Project("{FAE04EC0-301F-11D3-BF4B-00C04F79EFBC}") = "TecNM.Ecommerce.Api", "TecNM.Ecommerce.Api\TecNM.Ecommerce.Api.csproj", "{BC78E2F5-F729-4CE5-A97B-B1EF6B0B1118}"
EndProject
Project("{FAE04EC0-301F-11D3-BF4B-00C04F79EFBC}") = "TecNM.Ecommerce.Core", "TecNM.Ecommerce.Core\TecNM.Ecommerce.Core.csproj", "{0D5848F5-23D6-416A-AB38-E57B497122E4}"
EndProject
Project("{FAE04EC0-301F-11D3-BF4B-00C04F79EFBC}") = "TecNM.Ecommerce.Test", "TecNM.Ecommerce.Test\TecNM.Ecommerce.Test.csproj", "{8E077F2B-0FF5-4C64-948D-35E141BC226B}"
EndProject
Global
	GlobalSection(SolutionConfigurationPlatforms) = preSolution
		Debug|Any CPU = Debug|Any CPU
		Debug|x64 = Debug|x64
		Debug|x86 = Debug|x86
		Release|Any CPU = Release|Any CPU
		Release|x64 = Release|x64
		Release|x86 = Release|x86
	EndGlobalSection
	GlobalSection(SolutionProperties) = preSolution
		HideSolutionNode = FALSE
	EndGlobalSection
	GlobalSection(ProjectConfigurationPlatforms) = postSolution
		{BC78E2F5-F729-4CE5-A97B-B1EF6B0B1118}.Debug|Any CPU.ActiveCfg = Debug|Any CPU
		{BC78E2F5-F729-4CE5-A97B-B1EF6B0B1118}.Debug|Any CPU.Build.0 = Debug|Any CPU
		{BC78E2F5-F729-4CE5-A97B-B1EF6B0B1118}.Debug|x64.ActiveCfg = Debug|Any CPU
		{BC78E2F5-F729-4CE5-A97B-B1EF6B0B1118}.Debug|x64.Build.0 = Debug|Any CPU
		{BC78E2F5-F729-4CE5-A97B-B1EF6B0B1118}.Debug|x86.ActiveCfg = Debug|Any CPU
		{BC78E2F5-F729-4CE5-A97B-B1EF6B0B1118}.Debug|x86.Build.0 = Debug|Any CPU
		{BC78E2F5-F729-4CE5-A97B-B1EF6B0B1118}.Release|Any CPU.ActiveCfg = Release|Any CPU
		{BC78E2F5-F729-4CE5-A97B-B1EF6B0B1118}.Release|Any CPU.Build.0 = Release|Any CPU
		{BC78E2F5-F729-4CE5-A97B-B1EF6B0B1118}.Release|x64.ActiveCfg = Release|Any CPU
		{BC78E2F5-F729-4CE5-A97B-B1EF6B0B1118}.Release|x64.Build.0 = Release|Any CPU
		{BC78E2F5-F729-4CE5-A97B-B1EF6B0B1118}.Release|x86.ActiveCfg = Release|Any CPU
		{BC78E2F5-F729-4CE5-A97B-B1EF6B0B1118}.Release|x86.Build.0 = Release|Any CPU
		{0D5848F5-23D6-416A-AB38-E57B497122E4}.Debug|Any CPU.ActiveCfg = Debug|Any CPU
		{0D5848F5-23D6-416A-AB38-E57B497122E4}.Debug|Any CPU.Build.0 = Debug|Any CPU
		{0D5848F5-23D6-416A-AB38-E57B497122E4}.Debug|x64.ActiveCfg = Debug|Any CPU
		{0D5848F5-23D6-416A-AB38-E57B497122E4}.Debug|x64.Build.0 = Debug|Any CPU
		{0D5848F5-23D6-416A-AB38-E57B497122E4}.Debug|x86.ActiveCfg = Debug|Any CPU
		{0D5848F5-23D6-416A-AB38-E57B497122E4}.Debug|x86.Build.0 = Debug|Any CPU
		{0D5848F5-23D6-416A-AB38-E57B497122E4}.Release|Any CPU.ActiveCfg = Release|Any CPU
		{0D5848F5-23D6-416A-AB38-E57B497122E4}.Release|Any CPU.Build.0 = Release|Any CPU
		{0D5848F5-23D6-416A-AB38-E57B497122E4}.Release|x64.ActiveCfg = Release|Any CPU
		{0D5848F5-23D6-416A-AB38-E57B497122E4}.Release|x64.Build.0 = Release|Any CPU
		{0D5848F5-23D6-416A-AB38-E57B497122E4}.Release|x86.ActiveCfg = Release|Any CPU
		{0D5848F5-23D6-416A-AB38-E57B497122E4}.Release|x86.Build.0 = Release|Any CPU
		{8E077F2B-0FF5-4C64-948D-35E141BC226B}.Debug|Any CPU.ActiveCfg = Debug|Any CPU
		{8E077F2B-0FF5-4C64-948D-35E141BC226B}.Debug|Any CPU.Build.0 = Debug|Any CPU
		{8E077F2B-0FF5-4C64-948D-35E141BC226B}.Debug|x64.ActiveCfg = Debug|Any CPU
		{8E077F2B-0FF5-4C64-948D-35E141BC226B}.Debug|x64.Build.0 = Debug|Any CPU
		{8E077F2B-0FF5-4C64-948D-35E141BC226B}.Debug|x86.ActiveCfg = Debug|Any CPU
		{8E077F2B-0FF5-4C64-948D-35E141BC226B}.Debug|x86.Build.0 = Debug|Any CPU
		{8E077F2B-0FF5-4C64-948D-35E141BC226B}.Release|Any CPU.ActiveCfg = Release|Any CPU
		{8E077F2B-0FF5-4C64-948D-35E141BC226B}.Release|Any CPU.Build.0 = Release|Any CPU
		{8E077F2B-0FF5-4C64-948D-35E141BC226B}.Release|x64.ActiveCfg = Release|Any CPU
		{8E077F2B-0FF5-4C64-948D-35E141BC226B}.Release|x64.Build.0 = Release|Any CPU
		{8E077F2B-0FF5-4C64-948D-35E141BC226B}.Release|x86.ActiveCfg = Release|Any CPU
		{8E077F2B-0FF5-4C64-948D-35E141BC226B}.Release|x86.Build.0 = Release|Any CPU
	EndGlobalSection
EndGlobal
